
Microsoft Visual Studio Solution File, Format Version 12.00
# Visual Studio Version 17
VisualStudioVersion = 17.4.33110.190
MinimumVisualStudioVersion = 10.0.40219.1
Project("{9A19103F-16F7-4668-BE54-9A1E7A4F7556}") = "Variables", "Variables\Variables.csproj", "{F0017DCD-1416-434C-BDE5-838050FBD477}"
EndProject
Project("{9A19103F-16F7-4668-BE54-9A1E7A4F7556}") = "Operators", "Operators\Operators.csproj", "{1A7C446D-CD07-476D-B5B7-B428AE14ADC1}"
EndProject
Project("{9A19103F-16F7-4668-BE54-9A1E7A4F7556}") = "Methods", "Nethods\Methods.csproj", "{60EA7511-8F06-40E6-AD13-661ABDE8FDE5}"
EndProject
Project("{9A19103F-16F7-4668-BE54-9A1E7A4F7556}") = "Structure", "Structure\Structure.csproj", "{95BD7FDC-C1F6-43E8-91B0-B38F088BE577}"
EndProject
Project("{9A19103F-16F7-4668-BE54-9A1E7A4F7556}") = "ClassObjectInstance", "ClassObjectInstance\ClassObjectInstance.csproj", "{35D83C12-1CDE-415F-82C8-DD89EAB35CB2}"
EndProject
Project("{9A19103F-16F7-4668-BE54-9A1E7A4F7556}") = "Statement_If", "Statement_If\Statement_If.csproj", "{E1C11328-1823-45D1-814E-D91C73F91DC1}"
EndProject
Project("{9A19103F-16F7-4668-BE54-9A1E7A4F7556}") = "Statement_SwitchAndEnum", "Statement_SwitchAndEnum\Statement_SwitchAndEnum.csproj", "{4BE57386-D2C3-4360-B690-D0FACA7C6BBF}"
EndProject
Project("{9A19103F-16F7-4668-BE54-9A1E7A4F7556}") = "Statement_Loops", "Statement_Loops\Statement_Loops.csproj", "{4E2FF753-FBBE-4C3D-A607-416CB3B13778}"
EndProject
Project("{9A19103F-16F7-4668-BE54-9A1E7A4F7556}") = "Array1D", "Array1D\Array1D.csproj", "{A1E29553-3E36-4EC4-AF1B-E2237236AE91}"
EndProject
Project("{9A19103F-16F7-4668-BE54-9A1E7A4F7556}") = "HorseRacing", "HorseRacing\HorseRacing.csproj", "{57F967AD-4294-4DCC-A15C-FE3918599019}"
EndProject
Project("{9A19103F-16F7-4668-BE54-9A1E7A4F7556}") = "Array2D", "Array2D\Array2D.csproj", "{83C5ADE1-C630-4BBD-8A8D-B5288B137F5D}"
EndProject
Project("{FAE04EC0-301F-11D3-BF4B-00C04F79EFBC}") = "Inheritance", "Inheritance\Inheritance.csproj", "{DCC3CF27-6941-4738-9FFF-5643DE1CD8B0}"
EndProject
Global
	GlobalSection(SolutionConfigurationPlatforms) = preSolution
		Debug|Any CPU = Debug|Any CPU
		Release|Any CPU = Release|Any CPU
	EndGlobalSection
	GlobalSection(ProjectConfigurationPlatforms) = postSolution
		{F0017DCD-1416-434C-BDE5-838050FBD477}.Debug|Any CPU.ActiveCfg = Debug|Any CPU
		{F0017DCD-1416-434C-BDE5-838050FBD477}.Debug|Any CPU.Build.0 = Debug|Any CPU
		{F0017DCD-1416-434C-BDE5-838050FBD477}.Release|Any CPU.ActiveCfg = Release|Any CPU
		{F0017DCD-1416-434C-BDE5-838050FBD477}.Release|Any CPU.Build.0 = Release|Any CPU
		{1A7C446D-CD07-476D-B5B7-B428AE14ADC1}.Debug|Any CPU.ActiveCfg = Debug|Any CPU
		{1A7C446D-CD07-476D-B5B7-B428AE14ADC1}.Debug|Any CPU.Build.0 = Debug|Any CPU
		{1A7C446D-CD07-476D-B5B7-B428AE14ADC1}.Release|Any CPU.ActiveCfg = Release|Any CPU
		{1A7C446D-CD07-476D-B5B7-B428AE14ADC1}.Release|Any CPU.Build.0 = Release|Any CPU
		{60EA7511-8F06-40E6-AD13-661ABDE8FDE5}.Debug|Any CPU.ActiveCfg = Debug|Any CPU
		{60EA7511-8F06-40E6-AD13-661ABDE8FDE5}.Debug|Any CPU.Build.0 = Debug|Any CPU
		{60EA7511-8F06-40E6-AD13-661ABDE8FDE5}.Release|Any CPU.ActiveCfg = Release|Any CPU
		{60EA7511-8F06-40E6-AD13-661ABDE8FDE5}.Release|Any CPU.Build.0 = Release|Any CPU
		{95BD7FDC-C1F6-43E8-91B0-B38F088BE577}.Debug|Any CPU.ActiveCfg = Debug|Any CPU
		{95BD7FDC-C1F6-43E8-91B0-B38F088BE577}.Debug|Any CPU.Build.0 = Debug|Any CPU
		{95BD7FDC-C1F6-43E8-91B0-B38F088BE577}.Release|Any CPU.ActiveCfg = Release|Any CPU
		{95BD7FDC-C1F6-43E8-91B0-B38F088BE577}.Release|Any CPU.Build.0 = Release|Any CPU
		{35D83C12-1CDE-415F-82C8-DD89EAB35CB2}.Debug|Any CPU.ActiveCfg = Debug|Any CPU
		{35D83C12-1CDE-415F-82C8-DD89EAB35CB2}.Debug|Any CPU.Build.0 = Debug|Any CPU
		{35D83C12-1CDE-415F-82C8-DD89EAB35CB2}.Release|Any CPU.ActiveCfg = Release|Any CPU
		{35D83C12-1CDE-415F-82C8-DD89EAB35CB2}.Release|Any CPU.Build.0 = Release|Any CPU
		{E1C11328-1823-45D1-814E-D91C73F91DC1}.Debug|Any CPU.ActiveCfg = Debug|Any CPU
		{E1C11328-1823-45D1-814E-D91C73F91DC1}.Debug|Any CPU.Build.0 = Debug|Any CPU
		{E1C11328-1823-45D1-814E-D91C73F91DC1}.Release|Any CPU.ActiveCfg = Release|Any CPU
		{E1C11328-1823-45D1-814E-D91C73F91DC1}.Release|Any CPU.Build.0 = Release|Any CPU
		{4BE57386-D2C3-4360-B690-D0FACA7C6BBF}.Debug|Any CPU.ActiveCfg = Debug|Any CPU
		{4BE57386-D2C3-4360-B690-D0FACA7C6BBF}.Debug|Any CPU.Build.0 = Debug|Any CPU
		{4BE57386-D2C3-4360-B690-D0FACA7C6BBF}.Release|Any CPU.ActiveCfg = Release|Any CPU
		{4BE57386-D2C3-4360-B690-D0FACA7C6BBF}.Release|Any CPU.Build.0 = Release|Any CPU
		{4E2FF753-FBBE-4C3D-A607-416CB3B13778}.Debug|Any CPU.ActiveCfg = Debug|Any CPU
		{4E2FF753-FBBE-4C3D-A607-416CB3B13778}.Debug|Any CPU.Build.0 = Debug|Any CPU
		{4E2FF753-FBBE-4C3D-A607-416CB3B13778}.Release|Any CPU.ActiveCfg = Release|Any CPU
		{4E2FF753-FBBE-4C3D-A607-416CB3B13778}.Release|Any CPU.Build.0 = Release|Any CPU
		{A1E29553-3E36-4EC4-AF1B-E2237236AE91}.Debug|Any CPU.ActiveCfg = Debug|Any CPU
		{A1E29553-3E36-4EC4-AF1B-E2237236AE91}.Debug|Any CPU.Build.0 = Debug|Any CPU
		{A1E29553-3E36-4EC4-AF1B-E2237236AE91}.Release|Any CPU.ActiveCfg = Release|Any CPU
		{A1E29553-3E36-4EC4-AF1B-E2237236AE91}.Release|Any CPU.Build.0 = Release|Any CPU
		{57F967AD-4294-4DCC-A15C-FE3918599019}.Debug|Any CPU.ActiveCfg = Debug|Any CPU
		{57F967AD-4294-4DCC-A15C-FE3918599019}.Debug|Any CPU.Build.0 = Debug|Any CPU
		{57F967AD-4294-4DCC-A15C-FE3918599019}.Release|Any CPU.ActiveCfg = Release|Any CPU
		{57F967AD-4294-4DCC-A15C-FE3918599019}.Release|Any CPU.Build.0 = Release|Any CPU
		{83C5ADE1-C630-4BBD-8A8D-B5288B137F5D}.Debug|Any CPU.ActiveCfg = Debug|Any CPU
		{83C5ADE1-C630-4BBD-8A8D-B5288B137F5D}.Debug|Any CPU.Build.0 = Debug|Any CPU
		{83C5ADE1-C630-4BBD-8A8D-B5288B137F5D}.Release|Any CPU.ActiveCfg = Release|Any CPU
		{83C5ADE1-C630-4BBD-8A8D-B5288B137F5D}.Release|Any CPU.Build.0 = Release|Any CPU
		{DCC3CF27-6941-4738-9FFF-5643DE1CD8B0}.Debug|Any CPU.ActiveCfg = Debug|Any CPU
		{DCC3CF27-6941-4738-9FFF-5643DE1CD8B0}.Debug|Any CPU.Build.0 = Debug|Any CPU
		{DCC3CF27-6941-4738-9FFF-5643DE1CD8B0}.Release|Any CPU.ActiveCfg = Release|Any CPU
		{DCC3CF27-6941-4738-9FFF-5643DE1CD8B0}.Release|Any CPU.Build.0 = Release|Any CPU
	EndGlobalSection
	GlobalSection(SolutionProperties) = preSolution
		HideSolutionNode = FALSE
	EndGlobalSection
	GlobalSection(ExtensibilityGlobals) = postSolution
		SolutionGuid = {B448C53D-35F4-4E4D-ACB2-BAE99371AF5D}
	EndGlobalSection
EndGlobal
